
Microsoft Visual Studio Solution File, Format Version 12.00
# Visual Studio Version 17
VisualStudioVersion = 17.11.35312.102
MinimumVisualStudioVersion = 10.0.40219.1
Project("{FAE04EC0-301F-11D3-BF4B-00C04F79EFBC}") = "LAB3", "LAB3.csproj", "{B6921A13-13CE-4212-9969-DB19C6947EDF}"
EndProject
Global
	GlobalSection(SolutionConfigurationPlatforms) = preSolution
		Debug|Any CPU = Debug|Any CPU
		Release|Any CPU = Release|Any CPU
	EndGlobalSection
	GlobalSection(ProjectConfigurationPlatforms) = postSolution
		{B6921A13-13CE-4212-9969-DB19C6947EDF}.Debug|Any CPU.ActiveCfg = Debug|Any CPU
		{B6921A13-13CE-4212-9969-DB19C6947EDF}.Debug|Any CPU.Build.0 = Debug|Any CPU
		{B6921A13-13CE-4212-9969-DB19C6947EDF}.Release|Any CPU.ActiveCfg = Release|Any CPU
		{B6921A13-13CE-4212-9969-DB19C6947EDF}.Release|Any CPU.Build.0 = Release|Any CPU
	EndGlobalSection
	GlobalSection(SolutionProperties) = preSolution
		HideSolutionNode = FALSE
	EndGlobalSection
	GlobalSection(ExtensibilityGlobals) = postSolution
		SolutionGuid = {6AD2E461-4FFF-4998-968A-BF63B2CC6980}
	EndGlobalSection
EndGlobal
